<?xml version="1.0" encoding="utf-8"?>
<Project ToolsVersion="4.0" xmlns="http://schemas.microsoft.com/developer/msbuild/2003">
  <ItemGroup>
    <Filter Include="Archivos de origen">
      <UniqueIdentifier>{4FC737F1-C7A5-4376-A066-2A32D752A2FF}</UniqueIdentifier>
      <Extensions>cpp;c;cc;cxx;def;odl;idl;hpj;bat;asm;asmx</Extensions>
    </Filter>
    <Filter Include="Archivos de encabezado">
      <UniqueIdentifier>{93995380-89BD-4b04-88EB-625FBE52EBFB}</UniqueIdentifier>
      <Extensions>h;hh;hpp;hxx;hm;inl;inc;xsd</Extensions>
    </Filter>
    <Filter Include="Archivos de recursos">
      <UniqueIdentifier>{67DA6AB6-F800-4c08-8B7A-83BB121AAD01}</UniqueIdentifier>
      <Extensions>rc;ico;cur;bmp;dlg;rc2;rct;bin;rgs;gif;jpg;jpeg;jpe;resx;tiff;tif;png;wav;mfcribbon-ms</Extensions>
    </Filter>
  </ItemGroup>
  <ItemGroup>
    <ClInclude Include="targetver.h">
      <Filter>Archivos de encabezado</Filter>
    </ClInclude>
    <ClInclude Include="resource.h">
      <Filter>Archivos de encabezado</Filter>
    </ClInclude>
    <ClInclude Include="Open_Save_FileHandler.h">
      <Filter>Archivos de encabezado</Filter>
    </ClInclude>
    <ClInclude Include="LANGUAGE_MANAGER.h">
      <Filter>Archivos de encabezado</Filter>
    </ClInclude>
    <ClInclude Include="utf8.h">
      <Filter>Archivos de encabezado</Filter>
    </ClInclude>
    <ClInclude Include="text_encoding_detect.h">
      <Filter>Archivos de encabezado</Filter>
    </ClInclude>
    <ClInclude Include="unCap_math.h">
      <Filter>Archivos de encabezado</Filter>
    </ClInclude>
    <ClInclude Include="unCap_scrollbar.h">
      <Filter>Archivos de encabezado</Filter>
    </ClInclude>
    <ClInclude Include="windows_msg_mapper.h">
      <Filter>Archivos de encabezado</Filter>
    </ClInclude>
    <ClInclude Include="unCap_button.h">
      <Filter>Archivos de encabezado</Filter>
    </ClInclude>
    <ClInclude Include="unCap_Renderer.h">
      <Filter>Archivos de encabezado</Filter>
    </ClInclude>
    <ClInclude Include="unCap_Vector.h">
      <Filter>Archivos de encabezado</Filter>
    </ClInclude>
    <ClInclude Include="unCap_Platform.h">
      <Filter>Archivos de encabezado</Filter>
    </ClInclude>
    <ClInclude Include="unCap_uncapnc.h">
      <Filter>Archivos de encabezado</Filter>
    </ClInclude>
    <ClInclude Include="windows_undoc.h">
      <Filter>Archivos de encabezado</Filter>
    </ClInclude>
    <ClInclude Include="unCap_combobox.h">
      <Filter>Archivos de encabezado</Filter>
    </ClInclude>
    <ClInclude Include="unCap_Core.h">
      <Filter>Archivos de encabezado</Filter>
    </ClInclude>
    <ClInclude Include="unCap_Global.h">
      <Filter>Archivos de encabezado</Filter>
    </ClInclude>
    <ClInclude Include="unCap_Serialization.h">
      <Filter>Archivos de encabezado</Filter>
    </ClInclude>
    <ClInclude Include="unCap_Reflection.h">
      <Filter>Archivos de encabezado</Filter>
    </ClInclude>
    <ClInclude Include="unCap_Helpers.h">
      <Filter>Archivos de encabezado</Filter>
    </ClInclude>
    <ClInclude Include="unCap_uncapcl.h">
      <Filter>Archivos de encabezado</Filter>
    </ClInclude>
    <ClInclude Include="unCap_tab.h">
      <Filter>Archivos de encabezado</Filter>
    </ClInclude>
    <ClInclude Include="unCap_notify.h">
      <Filter>Archivos de encabezado</Filter>
    </ClInclude>
    <ClInclude Include="unCap_edit.h">
      <Filter>Archivos de encabezado</Filter>
    </ClInclude>
    <ClInclude Include="fmt.h">
      <Filter>Archivos de encabezado</Filter>
    </ClInclude>
    <ClInclude Include="unCap_edit_oneline.h">
      <Filter>Archivos de encabezado</Filter>
    </ClInclude>
  </ItemGroup>
  <ItemGroup>
    <ClCompile Include="LANGUAGE_MANAGER.cpp">
      <Filter>Archivos de origen</Filter>
    </ClCompile>
    <ClCompile Include="unCap_Main.cpp">
      <Filter>Archivos de origen</Filter>
    </ClCompile>
  </ItemGroup>
  <ItemGroup>
    <ResourceCompile Include="SrtFix-Win32.rc">
      <Filter>Archivos de recursos</Filter>
    </ResourceCompile>
  </ItemGroup>
  <ItemGroup>
    <Image Include="Cross16.bmp">
      <Filter>Archivos de recursos</Filter>
    </Image>
    <Image Include="Earth16.bmp">
      <Filter>Archivos de recursos</Filter>
    </Image>
    <Image Include="..\Icons\unCap.ico">
      <Filter>Archivos de recursos</Filter>
    </Image>
    <Image Include="..\Icons\Dropdown16.bmp">
      <Filter>Archivos de recursos</Filter>
    </Image>
    <Image Include="..\Icons\Close16.bmp">
      <Filter>Archivos de recursos</Filter>
    </Image>
    <Image Include="..\Icons\Earth16.bmp">
      <Filter>Archivos de recursos</Filter>
    </Image>
    <Image Include="..\Icons\Max16.bmp">
      <Filter>Archivos de recursos</Filter>
    </Image>
    <Image Include="..\Icons\Min16.bmp">
      <Filter>Archivos de recursos</Filter>
    </Image>
    <Image Include="..\Icons\RightArrow16.bmp">
      <Filter>Archivos de recursos</Filter>
    </Image>
    <Image Include="..\Icons\Tick16.bmp">
      <Filter>Archivos de recursos</Filter>
    </Image>
  </ItemGroup>
</Project>