<?xml version="1.0" encoding="utf-8"?>
<Project ToolsVersion="4.0" xmlns="http://schemas.microsoft.com/developer/msbuild/2003">
  <ItemGroup>
    <Filter Include="Archivos de origen">
      <UniqueIdentifier>{4FC737F1-C7A5-4376-A066-2A32D752A2FF}</UniqueIdentifier>
      <Extensions>cpp;c;cc;cxx;def;odl;idl;hpj;bat;asm;asmx</Extensions>
    </Filter>
    <Filter Include="Archivos de encabezado">
      <UniqueIdentifier>{93995380-89BD-4b04-88EB-625FBE52EBFB}</UniqueIdentifier>
      <Extensions>h;hh;hpp;hxx;hm;inl;inc;xsd</Extensions>
    </Filter>
    <Filter Include="Archivos de recursos">
      <UniqueIdentifier>{67DA6AB6-F800-4c08-8B7A-83BB121AAD01}</UniqueIdentifier>
      <Extensions>rc;ico;cur;bmp;dlg;rc2;rct;bin;rgs;gif;jpg;jpeg;jpe;resx;tiff;tif;png;wav;mfcribbon-ms</Extensions>
    </Filter>
  </ItemGroup>
  <ItemGroup>
    <ClInclude Include="stdafx.h">
      <Filter>Archivos de encabezado</Filter>
    </ClInclude>
    <ClInclude Include="targetver.h">
      <Filter>Archivos de encabezado</Filter>
    </ClInclude>
    <ClInclude Include="resource.h">
      <Filter>Archivos de encabezado</Filter>
    </ClInclude>
    <ClInclude Include="SrtFix-Win32.h">
      <Filter>Archivos de encabezado</Filter>
    </ClInclude>
    <ClInclude Include="Open_Save_FileHandler.h">
      <Filter>Archivos de encabezado</Filter>
    </ClInclude>
    <ClInclude Include="SubtitleFile.h">
      <Filter>Archivos de encabezado</Filter>
    </ClInclude>
    <ClInclude Include="SubtitleWindow.h">
      <Filter>Archivos de encabezado</Filter>
    </ClInclude>
    <ClInclude Include="SubtitleFunctions.h">
      <Filter>Archivos de encabezado</Filter>
    </ClInclude>
    <ClInclude Include="LANGUAGE_MANAGER.h">
      <Filter>Archivos de encabezado</Filter>
    </ClInclude>
    <ClInclude Include="utf8.h">
      <Filter>Archivos de encabezado</Filter>
    </ClInclude>
    <ClInclude Include="text_encoding_detect.h">
      <Filter>Archivos de encabezado</Filter>
    </ClInclude>
  </ItemGroup>
  <ItemGroup>
    <ClCompile Include="stdafx.cpp">
      <Filter>Archivos de origen</Filter>
    </ClCompile>
    <ClCompile Include="SrtFix-Win32.cpp">
      <Filter>Archivos de origen</Filter>
    </ClCompile>
    <ClCompile Include="SubtitleFile.cpp">
      <Filter>Archivos de origen</Filter>
    </ClCompile>
    <ClCompile Include="SubtitleWindow.cpp">
      <Filter>Archivos de origen</Filter>
    </ClCompile>
    <ClCompile Include="SubtitleFunctions.cpp">
      <Filter>Archivos de origen</Filter>
    </ClCompile>
    <ClCompile Include="LANGUAGE_MANAGER.cpp">
      <Filter>Archivos de origen</Filter>
    </ClCompile>
    <ClCompile Include="text_encoding_detect.cpp">
      <Filter>Archivos de origen</Filter>
    </ClCompile>
    <ClCompile Include="format.cc">
      <Filter>Archivos de origen</Filter>
    </ClCompile>
  </ItemGroup>
  <ItemGroup>
    <ResourceCompile Include="SrtFix-Win32.rc">
      <Filter>Archivos de recursos</Filter>
    </ResourceCompile>
  </ItemGroup>
  <ItemGroup>
    <Image Include="small.ico">
      <Filter>Archivos de recursos</Filter>
    </Image>
    <Image Include="SrtFix-Win32.ico">
      <Filter>Archivos de recursos</Filter>
    </Image>
    <Image Include="SrtFixE.ico">
      <Filter>Archivos de recursos</Filter>
    </Image>
    <Image Include="SrtFixESmall.ico">
      <Filter>Archivos de recursos</Filter>
    </Image>
    <Image Include="Tick16.bmp">
      <Filter>Archivos de recursos</Filter>
    </Image>
    <Image Include="Cross16.bmp">
      <Filter>Archivos de recursos</Filter>
    </Image>
    <Image Include="Earth16.bmp">
      <Filter>Archivos de recursos</Filter>
    </Image>
    <Image Include="icon1.ico">
      <Filter>Archivos de recursos</Filter>
    </Image>
    <Image Include="combo.ico">
      <Filter>Archivos de recursos</Filter>
    </Image>
    <Image Include="icon2.ico">
      <Filter>Archivos de recursos</Filter>
    </Image>
    <Image Include="icon3.ico">
      <Filter>Archivos de recursos</Filter>
    </Image>
    <Image Include="cross.ico">
      <Filter>Archivos de recursos</Filter>
    </Image>
  </ItemGroup>
</Project>